dependencies:
- name: milvus
  repository: https://milvus-io.github.io/milvus-helm/
  version: 4.0.0
- name: kb-rag-web
  repository: file://./charts/kb-rag-web
  version: 0.1.0
- name: kb-rag-server
  repository: file://./charts/kb-rag-server
  version: 0.1.0
- name: agent
  repository: file://../agent
  version: 0.1.10
- name: kb-rag-redis
  repository: file://./charts/kb-rag-redis
  version: 0.1.0
digest: sha256:1ed17828bf4c2879f9d9784efc8c321466c2b597f5ead099db01ee877d049e12
generated: "2025-09-03T04:25:45.216542-05:00"
