dependencies:
- name: milvus
  repository: https://milvus-io.github.io/milvus-helm/
  version: 4.0.0
- name: kb-rag-web
  repository: file://./charts/kb-rag-web
  version: 0.1.0
- name: kb-rag-server
  repository: file://./charts/kb-rag-server
  version: 0.1.0
- name: agent
  repository: file://../agent
  version: 0.1.10
- name: kb-rag-redis
  repository: file://./charts/kb-rag-redis
  version: 0.1.0
digest: sha256:8e0e1840425c599e6d49b7b4cc99472914fdda49b24d688c21d090891d9b3fd7
generated: "2025-09-03T03:26:32.339418-05:00"
