dependencies:
- name: kb-rag-web
  repository: file://./charts/kb-rag-web
  version: 0.1.0
- name: kb-rag-server
  repository: file://./charts/kb-rag-server
  version: 0.1.1
- name: kb-rag-agent
  repository: file://./charts/kb-rag-agent
  version: 0.1.4
- name: kb-rag-redis
  repository: file://./charts/kb-rag-redis
  version: 0.1.1
digest: sha256:26667face6686f1924dd1e8a4dea191d0ee8c868792ad1ea7ddde86998f892cc
generated: "2025-09-29T13:48:54.605465826Z"
