dependencies:
- name: supervisor-agent
  repository: ""
  version: 0.1.1
- name: agent
  repository: ""
  version: 0.2.2
- name: agent
  repository: ""
  version: 0.2.2
- name: agent
  repository: ""
  version: 0.2.2
- name: agent
  repository: ""
  version: 0.2.2
- name: agent
  repository: ""
  version: 0.2.2
- name: agent
  repository: ""
  version: 0.2.2
- name: agent
  repository: ""
  version: 0.2.2
- name: agent
  repository: ""
  version: 0.2.2
- name: agent
  repository: ""
  version: 0.2.2
- name: agent
  repository: ""
  version: 0.2.2
- name: agent
  repository: ""
  version: 0.2.2
- name: slim
  repository: oci://ghcr.io/agntcy/slim/helm
  version: v0.1.8
- name: slim-control-plane
  repository: oci://ghcr.io/agntcy/slim/helm
  version: v0.1.3
- name: rag-stack
  repository: file://../rag-stack
  version: 0.0.2
- name: backstage-plugin-agent-forge
  repository: ""
  version: 0.1.0
digest: sha256:1041221facb47d0b99a6cde082c6f7cf359644a314ff5ea4ccf337efec75f5a5
generated: "2025-10-29T22:21:22.755456132Z"
