dependencies:
- name: supervisor-agent
  repository: ""
  version: 0.1.1
- name: agent
  repository: ""
  version: 0.2.2
- name: agent
  repository: ""
  version: 0.2.2
- name: agent
  repository: ""
  version: 0.2.2
- name: agent
  repository: ""
  version: 0.2.2
- name: agent
  repository: ""
  version: 0.2.2
- name: agent
  repository: ""
  version: 0.2.2
- name: agent
  repository: ""
  version: 0.2.2
- name: agent
  repository: ""
  version: 0.2.2
- name: agent
  repository: ""
  version: 0.2.2
- name: agent
  repository: ""
  version: 0.2.2
- name: agent
  repository: ""
  version: 0.2.2
- name: slim
  repository: oci://ghcr.io/agntcy/slim/helm
  version: v0.1.8
- name: slim-control-plane
  repository: oci://ghcr.io/agntcy/slim/helm
  version: v0.1.3
- name: rag-stack
  repository: file://../rag-stack
  version: 0.0.1
- name: backstage-plugin-agent-forge
  repository: ""
  version: 0.1.0
digest: sha256:0bb0ae712cf7adcd0d75e957895ce1d3d608cabd63e59d43da40ed2004a10892
generated: "2025-10-20T14:49:03.407133-05:00"
