dependencies:
- name: supervisor-agent
  repository: ""
  version: 0.1.0
- name: backstage-plugin-agent-forge
  repository: ""
  version: 0.1.0
- name: agent
  repository: ""
  version: 0.2.0
- name: agent
  repository: ""
  version: 0.2.0
- name: agent
  repository: ""
  version: 0.2.0
- name: agent
  repository: ""
  version: 0.2.0
- name: agent
  repository: ""
  version: 0.2.0
- name: agent
  repository: ""
  version: 0.2.0
- name: agent
  repository: ""
  version: 0.2.0
- name: slim
  repository: oci://ghcr.io/agntcy/slim/helm
  version: v0.1.8
- name: slim-control-plane
  repository: oci://ghcr.io/agntcy/slim/helm
  version: v0.1.3
- name: graphrag
  repository: ""
  version: 0.1.1
- name: neo4j
  repository: https://helm.neo4j.com/neo4j
  version: 2025.7.1
- name: kb-rag-stack
  repository: ""
  version: 0.1.4
- name: milvus
  repository: https://zilliztech.github.io/milvus-helm/
  version: 5.0.2
digest: sha256:c28eeed872542d0d9deb3a95e2b04a6b949e29826f93b1c684513c8db09016cb
generated: "2025-09-10T13:51:26.013666039Z"
