dependencies:
- name: supervisor-agent
  repository: ""
  version: 0.1.1
- name: agent
  repository: ""
  version: 0.2.1
- name: agent
  repository: ""
  version: 0.2.1
- name: agent
  repository: ""
  version: 0.2.1
- name: agent
  repository: ""
  version: 0.2.1
- name: agent
  repository: ""
  version: 0.2.1
- name: agent
  repository: ""
  version: 0.2.1
- name: agent
  repository: ""
  version: 0.2.1
- name: agent
  repository: ""
  version: 0.2.1
- name: agent
  repository: ""
  version: 0.2.1
- name: agent
  repository: ""
  version: 0.2.1
- name: agent
  repository: ""
  version: 0.2.1
- name: slim
  repository: oci://ghcr.io/agntcy/slim/helm
  version: v0.1.8
- name: slim-control-plane
  repository: oci://ghcr.io/agntcy/slim/helm
  version: v0.1.3
- name: graphrag
  repository: ""
  version: 0.1.1
- name: neo4j
  repository: https://helm.neo4j.com/neo4j
  version: 2025.7.1
- name: kb-rag-stack
  repository: ""
  version: 0.1.4
- name: milvus
  repository: https://zilliztech.github.io/milvus-helm/
  version: 5.0.2
- name: backstage-plugin-agent-forge
  repository: ""
  version: 0.1.0
digest: sha256:63c52d59c2862a7d422c6e74b868769cce89d73ac52b2b27632ac7b31dc75417
generated: "2025-09-26T15:23:34.881024095Z"
