dependencies:
- name: supervisor-agent
  repository: ""
  version: 0.1.1
- name: agent
  repository: ""
  version: 0.2.1
- name: agent
  repository: ""
  version: 0.2.1
- name: agent
  repository: ""
  version: 0.2.1
- name: agent
  repository: ""
  version: 0.2.1
- name: agent
  repository: ""
  version: 0.2.1
- name: agent
  repository: ""
  version: 0.2.1
- name: agent
  repository: ""
  version: 0.2.1
- name: agent
  repository: ""
  version: 0.2.1
- name: agent
  repository: ""
  version: 0.2.1
- name: agent
  repository: ""
  version: 0.2.1
- name: agent
  repository: ""
  version: 0.2.1
- name: slim
  repository: oci://ghcr.io/agntcy/slim/helm
  version: v0.1.8
- name: slim-control-plane
  repository: oci://ghcr.io/agntcy/slim/helm
  version: v0.1.3
- name: graphrag
  repository: ""
  version: 0.1.1
- name: neo4j
  repository: https://helm.neo4j.com/neo4j
  version: 2025.7.1
- name: kb-rag-stack
  repository: ""
  version: 0.1.5
- name: milvus
  repository: https://zilliztech.github.io/milvus-helm/
  version: 5.0.2
- name: backstage-plugin-agent-forge
  repository: ""
  version: 0.1.0
digest: sha256:ccca83369b52452c8ab28a8794f8e1766696228618118b24cabd5a99fd9c152d
generated: "2025-09-28T18:15:37.921679306-05:00"
